
Microsoft Visual Studio Solution File, Format Version 12.00
# Visual Studio Version 17
VisualStudioVersion = 17.3.32901.215
MinimumVisualStudioVersion = 10.0.40219.1
Project("{FAE04EC0-301F-11D3-BF4B-00C04F79EFBC}") = "MVVMExample", "MVVMExample\MVVMExample.csproj", "{18A660AB-9AA5-4494-B6B2-B0A64881071D}"
EndProject
Global
	GlobalSection(SolutionConfigurationPlatforms) = preSolution
		Debug|Any CPU = Debug|Any CPU
		Release|Any CPU = Release|Any CPU
	EndGlobalSection
	GlobalSection(ProjectConfigurationPlatforms) = postSolution
		{18A660AB-9AA5-4494-B6B2-B0A64881071D}.Debug|Any CPU.ActiveCfg = Debug|Any CPU
		{18A660AB-9AA5-4494-B6B2-B0A64881071D}.Debug|Any CPU.Build.0 = Debug|Any CPU
		{18A660AB-9AA5-4494-B6B2-B0A64881071D}.Release|Any CPU.ActiveCfg = Release|Any CPU
		{18A660AB-9AA5-4494-B6B2-B0A64881071D}.Release|Any CPU.Build.0 = Release|Any CPU
	EndGlobalSection
	GlobalSection(SolutionProperties) = preSolution
		HideSolutionNode = FALSE
	EndGlobalSection
	GlobalSection(ExtensibilityGlobals) = postSolution
		SolutionGuid = {8A2D0143-5707-45B1-A74C-A80E20DF7071}
	EndGlobalSection
EndGlobal
